
Microsoft Visual Studio Solution File, Format Version 11.00
# Visual Studio 2010
Project("{FAE04EC0-301F-11D3-BF4B-00C04F79EFBC}") = "Glimpse.MEF", "Glimpse.MEF\Glimpse.MEF.csproj", "{DD608BFF-5617-4FD2-A0C4-B7484ABE89F4}"
EndProject
Project("{FAE04EC0-301F-11D3-BF4B-00C04F79EFBC}") = "Glimpse.MEF.Sample", "Glimpse.MEF.Sample\Glimpse.MEF.Sample.csproj", "{7DA09CCC-09BA-4E63-A9B0-B9F92382EC56}"
EndProject
Global
	GlobalSection(SolutionConfigurationPlatforms) = preSolution
		Debug|Any CPU = Debug|Any CPU
		Release|Any CPU = Release|Any CPU
	EndGlobalSection
	GlobalSection(ProjectConfigurationPlatforms) = postSolution
		{DD608BFF-5617-4FD2-A0C4-B7484ABE89F4}.Debug|Any CPU.ActiveCfg = Debug|Any CPU
		{DD608BFF-5617-4FD2-A0C4-B7484ABE89F4}.Debug|Any CPU.Build.0 = Debug|Any CPU
		{DD608BFF-5617-4FD2-A0C4-B7484ABE89F4}.Release|Any CPU.ActiveCfg = Release|Any CPU
		{DD608BFF-5617-4FD2-A0C4-B7484ABE89F4}.Release|Any CPU.Build.0 = Release|Any CPU
		{7DA09CCC-09BA-4E63-A9B0-B9F92382EC56}.Debug|Any CPU.ActiveCfg = Debug|Any CPU
		{7DA09CCC-09BA-4E63-A9B0-B9F92382EC56}.Debug|Any CPU.Build.0 = Debug|Any CPU
		{7DA09CCC-09BA-4E63-A9B0-B9F92382EC56}.Release|Any CPU.ActiveCfg = Release|Any CPU
		{7DA09CCC-09BA-4E63-A9B0-B9F92382EC56}.Release|Any CPU.Build.0 = Release|Any CPU
	EndGlobalSection
	GlobalSection(SolutionProperties) = preSolution
		HideSolutionNode = FALSE
	EndGlobalSection
EndGlobal
